
Microsoft Visual Studio Solution File, Format Version 12.00
# Visual Studio Version 16
VisualStudioVersion = 16.0.29324.140
MinimumVisualStudioVersion = 10.0.40219.1
Project("{8BC9CEB8-8B4A-11D0-8D11-00A0C91BC942}") = "Map", "Map.vcxproj", "{63DCF726-02BD-4299-986D-4A6CE78C61E1}"
EndProject
Global
	GlobalSection(SolutionConfigurationPlatforms) = preSolution
		Debug|x64 = Debug|x64
		Debug|x86 = Debug|x86
		Release|x64 = Release|x64
		Release|x86 = Release|x86
	EndGlobalSection
	GlobalSection(ProjectConfigurationPlatforms) = postSolution
		{63DCF726-02BD-4299-986D-4A6CE78C61E1}.Debug|x64.ActiveCfg = Debug|x64
		{63DCF726-02BD-4299-986D-4A6CE78C61E1}.Debug|x64.Build.0 = Debug|x64
		{63DCF726-02BD-4299-986D-4A6CE78C61E1}.Debug|x86.ActiveCfg = Debug|Win32
		{63DCF726-02BD-4299-986D-4A6CE78C61E1}.Debug|x86.Build.0 = Debug|Win32
		{63DCF726-02BD-4299-986D-4A6CE78C61E1}.Release|x64.ActiveCfg = Release|x64
		{63DCF726-02BD-4299-986D-4A6CE78C61E1}.Release|x64.Build.0 = Release|x64
		{63DCF726-02BD-4299-986D-4A6CE78C61E1}.Release|x86.ActiveCfg = Release|Win32
		{63DCF726-02BD-4299-986D-4A6CE78C61E1}.Release|x86.Build.0 = Release|Win32
	EndGlobalSection
	GlobalSection(SolutionProperties) = preSolution
		HideSolutionNode = FALSE
	EndGlobalSection
	GlobalSection(ExtensibilityGlobals) = postSolution
		SolutionGuid = {9C4F7E7C-E854-4F36-BEDD-7EA08E8665AF}
	EndGlobalSection
EndGlobal
