
Microsoft Visual Studio Solution File, Format Version 12.00
# Visual Studio Version 16
VisualStudioVersion = 16.0.29728.190
MinimumVisualStudioVersion = 10.0.40219.1
Project("{8BC9CEB8-8B4A-11D0-8D11-00A0C91BC942}") = "List_Case", "List_Case.vcxproj", "{98D49C38-1CD8-4B8C-9F77-EC102AF675F4}"
EndProject
Global
	GlobalSection(SolutionConfigurationPlatforms) = preSolution
		Debug|x64 = Debug|x64
		Debug|x86 = Debug|x86
		Release|x64 = Release|x64
		Release|x86 = Release|x86
	EndGlobalSection
	GlobalSection(ProjectConfigurationPlatforms) = postSolution
		{98D49C38-1CD8-4B8C-9F77-EC102AF675F4}.Debug|x64.ActiveCfg = Debug|x64
		{98D49C38-1CD8-4B8C-9F77-EC102AF675F4}.Debug|x64.Build.0 = Debug|x64
		{98D49C38-1CD8-4B8C-9F77-EC102AF675F4}.Debug|x86.ActiveCfg = Debug|Win32
		{98D49C38-1CD8-4B8C-9F77-EC102AF675F4}.Debug|x86.Build.0 = Debug|Win32
		{98D49C38-1CD8-4B8C-9F77-EC102AF675F4}.Release|x64.ActiveCfg = Release|x64
		{98D49C38-1CD8-4B8C-9F77-EC102AF675F4}.Release|x64.Build.0 = Release|x64
		{98D49C38-1CD8-4B8C-9F77-EC102AF675F4}.Release|x86.ActiveCfg = Release|Win32
		{98D49C38-1CD8-4B8C-9F77-EC102AF675F4}.Release|x86.Build.0 = Release|Win32
	EndGlobalSection
	GlobalSection(SolutionProperties) = preSolution
		HideSolutionNode = FALSE
	EndGlobalSection
	GlobalSection(ExtensibilityGlobals) = postSolution
		SolutionGuid = {63F9472E-240E-41A7-BB57-739FFBE1C779}
	EndGlobalSection
EndGlobal
