
Microsoft Visual Studio Solution File, Format Version 12.00
# Visual Studio Version 16
VisualStudioVersion = 16.0.29728.190
MinimumVisualStudioVersion = 10.0.40219.1
Project("{8BC9CEB8-8B4A-11D0-8D11-00A0C91BC942}") = "Pair", "Pair.vcxproj", "{A13AEE10-83FF-4738-891F-C467D1AC0C45}"
EndProject
Global
	GlobalSection(SolutionConfigurationPlatforms) = preSolution
		Debug|x64 = Debug|x64
		Debug|x86 = Debug|x86
		Release|x64 = Release|x64
		Release|x86 = Release|x86
	EndGlobalSection
	GlobalSection(ProjectConfigurationPlatforms) = postSolution
		{A13AEE10-83FF-4738-891F-C467D1AC0C45}.Debug|x64.ActiveCfg = Debug|x64
		{A13AEE10-83FF-4738-891F-C467D1AC0C45}.Debug|x64.Build.0 = Debug|x64
		{A13AEE10-83FF-4738-891F-C467D1AC0C45}.Debug|x86.ActiveCfg = Debug|Win32
		{A13AEE10-83FF-4738-891F-C467D1AC0C45}.Debug|x86.Build.0 = Debug|Win32
		{A13AEE10-83FF-4738-891F-C467D1AC0C45}.Release|x64.ActiveCfg = Release|x64
		{A13AEE10-83FF-4738-891F-C467D1AC0C45}.Release|x64.Build.0 = Release|x64
		{A13AEE10-83FF-4738-891F-C467D1AC0C45}.Release|x86.ActiveCfg = Release|Win32
		{A13AEE10-83FF-4738-891F-C467D1AC0C45}.Release|x86.Build.0 = Release|Win32
	EndGlobalSection
	GlobalSection(SolutionProperties) = preSolution
		HideSolutionNode = FALSE
	EndGlobalSection
	GlobalSection(ExtensibilityGlobals) = postSolution
		SolutionGuid = {FF67ECA0-86B9-4326-B179-360F933377D7}
	EndGlobalSection
EndGlobal
